
Microsoft Visual Studio Solution File, Format Version 12.00
# Visual Studio Version 17
VisualStudioVersion = 17.2.32630.192
MinimumVisualStudioVersion = 10.0.40219.1
Project("{FAE04EC0-301F-11D3-BF4B-00C04F79EFBC}") = "SqsPublisher", "SqsPublisher\SqsPublisher.csproj", "{1E58DCF7-CCA2-40BA-9785-1145D7CA0381}"
EndProject
Project("{FAE04EC0-301F-11D3-BF4B-00C04F79EFBC}") = "SqsConsumer", "SqsConsumer\SqsConsumer.csproj", "{AAEC58D2-D14D-43CB-BECF-68CB4F16B40D}"
EndProject
Project("{FAE04EC0-301F-11D3-BF4B-00C04F79EFBC}") = "Customers.Consumer", "Customers.Consumer\Customers.Consumer.csproj", "{C739621C-5AD8-48CF-A35A-D5C203F8BE43}"
EndProject
Project("{FAE04EC0-301F-11D3-BF4B-00C04F79EFBC}") = "Customers.Api", "Customers.Api\Customers.Api.csproj", "{D57DE4A7-E5FD-4755-89B9-218BF06CDAFB}"
EndProject
Project("{FAE04EC0-301F-11D3-BF4B-00C04F79EFBC}") = "SnsPublisher", "SnsPublisher\SnsPublisher.csproj", "{A596B58A-C1F4-4D52-99FA-649E895196E8}"
EndProject
Project("{FAE04EC0-301F-11D3-BF4B-00C04F79EFBC}") = "S3Playground", "S3Playground\S3Playground.csproj", "{D2AFD43A-7833-4C5F-9834-BD8A7C0FE84A}"
EndProject
Project("{FAE04EC0-301F-11D3-BF4B-00C04F79EFBC}") = "SecretManager", "SecretManager\SecretManager.csproj", "{E88B2B6C-27DB-4289-8F7B-5B4C26FFC0AA}"
EndProject
Project("{FAE04EC0-301F-11D3-BF4B-00C04F79EFBC}") = "Weather.Api", "Weather.Api\Weather.Api.csproj", "{E6A9145F-5362-4F43-9BC4-07AF45DFE55E}"
EndProject
Project("{FAE04EC0-301F-11D3-BF4B-00C04F79EFBC}") = "SimpleLambda", "SimpleLambda\src\SimpleLambda\SimpleLambda.csproj", "{1F49748C-AC5E-409B-B9B1-74306AC5744F}"
EndProject
Project("{FAE04EC0-301F-11D3-BF4B-00C04F79EFBC}") = "SimpleHttpLambda", "SimpleHttpLambda\src\SimpleHttpLambda\SimpleHttpLambda.csproj", "{A01A4BB5-1D0A-4EC8-BA9F-1F13B14FB5E4}"
EndProject
Project("{2150E333-8FDC-42A3-9474-1A3956D46DE8}") = "Lambda", "Lambda", "{EC138916-C050-47CC-9E86-EF35E8E69F34}"
EndProject
Project("{2150E333-8FDC-42A3-9474-1A3956D46DE8}") = "SQS", "SQS", "{2C2DB37B-8705-4404-8DAA-34B44A86CCCF}"
EndProject
Project("{2150E333-8FDC-42A3-9474-1A3956D46DE8}") = "S3", "S3", "{31EB7A94-574B-4710-A8A9-3DDBF713F8F7}"
EndProject
Project("{2150E333-8FDC-42A3-9474-1A3956D46DE8}") = "SNS", "SNS", "{070C02E9-852B-4442-8694-A2555233C0CB}"
EndProject
Project("{2150E333-8FDC-42A3-9474-1A3956D46DE8}") = "SecretManager", "SecretManager", "{3C6A2F56-5023-436A-A963-500B603129D0}"
EndProject
Global
	GlobalSection(SolutionConfigurationPlatforms) = preSolution
		Debug|Any CPU = Debug|Any CPU
		Release|Any CPU = Release|Any CPU
	EndGlobalSection
	GlobalSection(ProjectConfigurationPlatforms) = postSolution
		{1E58DCF7-CCA2-40BA-9785-1145D7CA0381}.Debug|Any CPU.ActiveCfg = Debug|Any CPU
		{1E58DCF7-CCA2-40BA-9785-1145D7CA0381}.Debug|Any CPU.Build.0 = Debug|Any CPU
		{1E58DCF7-CCA2-40BA-9785-1145D7CA0381}.Release|Any CPU.ActiveCfg = Release|Any CPU
		{1E58DCF7-CCA2-40BA-9785-1145D7CA0381}.Release|Any CPU.Build.0 = Release|Any CPU
		{AAEC58D2-D14D-43CB-BECF-68CB4F16B40D}.Debug|Any CPU.ActiveCfg = Debug|Any CPU
		{AAEC58D2-D14D-43CB-BECF-68CB4F16B40D}.Debug|Any CPU.Build.0 = Debug|Any CPU
		{AAEC58D2-D14D-43CB-BECF-68CB4F16B40D}.Release|Any CPU.ActiveCfg = Release|Any CPU
		{AAEC58D2-D14D-43CB-BECF-68CB4F16B40D}.Release|Any CPU.Build.0 = Release|Any CPU
		{C739621C-5AD8-48CF-A35A-D5C203F8BE43}.Debug|Any CPU.ActiveCfg = Debug|Any CPU
		{C739621C-5AD8-48CF-A35A-D5C203F8BE43}.Debug|Any CPU.Build.0 = Debug|Any CPU
		{C739621C-5AD8-48CF-A35A-D5C203F8BE43}.Release|Any CPU.ActiveCfg = Release|Any CPU
		{C739621C-5AD8-48CF-A35A-D5C203F8BE43}.Release|Any CPU.Build.0 = Release|Any CPU
		{D57DE4A7-E5FD-4755-89B9-218BF06CDAFB}.Debug|Any CPU.ActiveCfg = Debug|Any CPU
		{D57DE4A7-E5FD-4755-89B9-218BF06CDAFB}.Debug|Any CPU.Build.0 = Debug|Any CPU
		{D57DE4A7-E5FD-4755-89B9-218BF06CDAFB}.Release|Any CPU.ActiveCfg = Release|Any CPU
		{D57DE4A7-E5FD-4755-89B9-218BF06CDAFB}.Release|Any CPU.Build.0 = Release|Any CPU
		{A596B58A-C1F4-4D52-99FA-649E895196E8}.Debug|Any CPU.ActiveCfg = Debug|Any CPU
		{A596B58A-C1F4-4D52-99FA-649E895196E8}.Debug|Any CPU.Build.0 = Debug|Any CPU
		{A596B58A-C1F4-4D52-99FA-649E895196E8}.Release|Any CPU.ActiveCfg = Release|Any CPU
		{A596B58A-C1F4-4D52-99FA-649E895196E8}.Release|Any CPU.Build.0 = Release|Any CPU
		{D2AFD43A-7833-4C5F-9834-BD8A7C0FE84A}.Debug|Any CPU.ActiveCfg = Debug|Any CPU
		{D2AFD43A-7833-4C5F-9834-BD8A7C0FE84A}.Debug|Any CPU.Build.0 = Debug|Any CPU
		{D2AFD43A-7833-4C5F-9834-BD8A7C0FE84A}.Release|Any CPU.ActiveCfg = Release|Any CPU
		{D2AFD43A-7833-4C5F-9834-BD8A7C0FE84A}.Release|Any CPU.Build.0 = Release|Any CPU
		{E88B2B6C-27DB-4289-8F7B-5B4C26FFC0AA}.Debug|Any CPU.ActiveCfg = Debug|Any CPU
		{E88B2B6C-27DB-4289-8F7B-5B4C26FFC0AA}.Debug|Any CPU.Build.0 = Debug|Any CPU
		{E88B2B6C-27DB-4289-8F7B-5B4C26FFC0AA}.Release|Any CPU.ActiveCfg = Release|Any CPU
		{E88B2B6C-27DB-4289-8F7B-5B4C26FFC0AA}.Release|Any CPU.Build.0 = Release|Any CPU
		{E6A9145F-5362-4F43-9BC4-07AF45DFE55E}.Debug|Any CPU.ActiveCfg = Debug|Any CPU
		{E6A9145F-5362-4F43-9BC4-07AF45DFE55E}.Debug|Any CPU.Build.0 = Debug|Any CPU
		{E6A9145F-5362-4F43-9BC4-07AF45DFE55E}.Release|Any CPU.ActiveCfg = Release|Any CPU
		{E6A9145F-5362-4F43-9BC4-07AF45DFE55E}.Release|Any CPU.Build.0 = Release|Any CPU
		{1F49748C-AC5E-409B-B9B1-74306AC5744F}.Debug|Any CPU.ActiveCfg = Debug|Any CPU
		{1F49748C-AC5E-409B-B9B1-74306AC5744F}.Debug|Any CPU.Build.0 = Debug|Any CPU
		{1F49748C-AC5E-409B-B9B1-74306AC5744F}.Release|Any CPU.ActiveCfg = Release|Any CPU
		{1F49748C-AC5E-409B-B9B1-74306AC5744F}.Release|Any CPU.Build.0 = Release|Any CPU
		{A01A4BB5-1D0A-4EC8-BA9F-1F13B14FB5E4}.Debug|Any CPU.ActiveCfg = Debug|Any CPU
		{A01A4BB5-1D0A-4EC8-BA9F-1F13B14FB5E4}.Debug|Any CPU.Build.0 = Debug|Any CPU
		{A01A4BB5-1D0A-4EC8-BA9F-1F13B14FB5E4}.Release|Any CPU.ActiveCfg = Release|Any CPU
		{A01A4BB5-1D0A-4EC8-BA9F-1F13B14FB5E4}.Release|Any CPU.Build.0 = Release|Any CPU
	EndGlobalSection
	GlobalSection(SolutionProperties) = preSolution
		HideSolutionNode = FALSE
	EndGlobalSection
	GlobalSection(NestedProjects) = preSolution
		{A01A4BB5-1D0A-4EC8-BA9F-1F13B14FB5E4} = {EC138916-C050-47CC-9E86-EF35E8E69F34}
		{1F49748C-AC5E-409B-B9B1-74306AC5744F} = {EC138916-C050-47CC-9E86-EF35E8E69F34}
		{AAEC58D2-D14D-43CB-BECF-68CB4F16B40D} = {2C2DB37B-8705-4404-8DAA-34B44A86CCCF}
		{1E58DCF7-CCA2-40BA-9785-1145D7CA0381} = {2C2DB37B-8705-4404-8DAA-34B44A86CCCF}
		{D2AFD43A-7833-4C5F-9834-BD8A7C0FE84A} = {31EB7A94-574B-4710-A8A9-3DDBF713F8F7}
		{A596B58A-C1F4-4D52-99FA-649E895196E8} = {070C02E9-852B-4442-8694-A2555233C0CB}
		{E88B2B6C-27DB-4289-8F7B-5B4C26FFC0AA} = {3C6A2F56-5023-436A-A963-500B603129D0}
	EndGlobalSection
	GlobalSection(ExtensibilityGlobals) = postSolution
		SolutionGuid = {BCE34B10-0754-4BFB-8345-ACCEF5496469}
	EndGlobalSection
EndGlobal
