
Microsoft Visual Studio Solution File, Format Version 12.00
# Visual Studio Version 17
VisualStudioVersion = 17.2.32630.192
MinimumVisualStudioVersion = 10.0.40219.1
Project("{FAE04EC0-301F-11D3-BF4B-00C04F79EFBC}") = "SqsPublisher", "SqsPublisher\SqsPublisher.csproj", "{1E58DCF7-CCA2-40BA-9785-1145D7CA0381}"
EndProject
Project("{FAE04EC0-301F-11D3-BF4B-00C04F79EFBC}") = "SqsConsumer", "SqsConsumer\SqsConsumer.csproj", "{AAEC58D2-D14D-43CB-BECF-68CB4F16B40D}"
EndProject
Project("{FAE04EC0-301F-11D3-BF4B-00C04F79EFBC}") = "Customers.Consumer", "Customers.Consumer\Customers.Consumer.csproj", "{C739621C-5AD8-48CF-A35A-D5C203F8BE43}"
EndProject
Project("{FAE04EC0-301F-11D3-BF4B-00C04F79EFBC}") = "Customers.Api", "Customers.Api\Customers.Api.csproj", "{D57DE4A7-E5FD-4755-89B9-218BF06CDAFB}"
EndProject
Project("{FAE04EC0-301F-11D3-BF4B-00C04F79EFBC}") = "SnsPublisher", "SnsPublisher\SnsPublisher.csproj", "{A596B58A-C1F4-4D52-99FA-649E895196E8}"
EndProject
Global
	GlobalSection(SolutionConfigurationPlatforms) = preSolution
		Debug|Any CPU = Debug|Any CPU
		Release|Any CPU = Release|Any CPU
	EndGlobalSection
	GlobalSection(ProjectConfigurationPlatforms) = postSolution
		{1E58DCF7-CCA2-40BA-9785-1145D7CA0381}.Debug|Any CPU.ActiveCfg = Debug|Any CPU
		{1E58DCF7-CCA2-40BA-9785-1145D7CA0381}.Debug|Any CPU.Build.0 = Debug|Any CPU
		{1E58DCF7-CCA2-40BA-9785-1145D7CA0381}.Release|Any CPU.ActiveCfg = Release|Any CPU
		{1E58DCF7-CCA2-40BA-9785-1145D7CA0381}.Release|Any CPU.Build.0 = Release|Any CPU
		{AAEC58D2-D14D-43CB-BECF-68CB4F16B40D}.Debug|Any CPU.ActiveCfg = Debug|Any CPU
		{AAEC58D2-D14D-43CB-BECF-68CB4F16B40D}.Debug|Any CPU.Build.0 = Debug|Any CPU
		{AAEC58D2-D14D-43CB-BECF-68CB4F16B40D}.Release|Any CPU.ActiveCfg = Release|Any CPU
		{AAEC58D2-D14D-43CB-BECF-68CB4F16B40D}.Release|Any CPU.Build.0 = Release|Any CPU
		{C739621C-5AD8-48CF-A35A-D5C203F8BE43}.Debug|Any CPU.ActiveCfg = Debug|Any CPU
		{C739621C-5AD8-48CF-A35A-D5C203F8BE43}.Debug|Any CPU.Build.0 = Debug|Any CPU
		{C739621C-5AD8-48CF-A35A-D5C203F8BE43}.Release|Any CPU.ActiveCfg = Release|Any CPU
		{C739621C-5AD8-48CF-A35A-D5C203F8BE43}.Release|Any CPU.Build.0 = Release|Any CPU
		{D57DE4A7-E5FD-4755-89B9-218BF06CDAFB}.Debug|Any CPU.ActiveCfg = Debug|Any CPU
		{D57DE4A7-E5FD-4755-89B9-218BF06CDAFB}.Debug|Any CPU.Build.0 = Debug|Any CPU
		{D57DE4A7-E5FD-4755-89B9-218BF06CDAFB}.Release|Any CPU.ActiveCfg = Release|Any CPU
		{D57DE4A7-E5FD-4755-89B9-218BF06CDAFB}.Release|Any CPU.Build.0 = Release|Any CPU
		{A596B58A-C1F4-4D52-99FA-649E895196E8}.Debug|Any CPU.ActiveCfg = Debug|Any CPU
		{A596B58A-C1F4-4D52-99FA-649E895196E8}.Debug|Any CPU.Build.0 = Debug|Any CPU
		{A596B58A-C1F4-4D52-99FA-649E895196E8}.Release|Any CPU.ActiveCfg = Release|Any CPU
		{A596B58A-C1F4-4D52-99FA-649E895196E8}.Release|Any CPU.Build.0 = Release|Any CPU
	EndGlobalSection
	GlobalSection(SolutionProperties) = preSolution
		HideSolutionNode = FALSE
	EndGlobalSection
	GlobalSection(NestedProjects) = preSolution
	EndGlobalSection
	GlobalSection(ExtensibilityGlobals) = postSolution
		SolutionGuid = {BCE34B10-0754-4BFB-8345-ACCEF5496469}
	EndGlobalSection
EndGlobal
